
Microsoft Visual Studio Solution File, Format Version 12.00
# Visual Studio 15
VisualStudioVersion = 15.0.27703.2000
MinimumVisualStudioVersion = 10.0.40219.1
Project("{FAE04EC0-301F-11D3-BF4B-00C04F79EFBC}") = "WAF", "WAF\WAF.csproj", "{06431C3E-CF51-402D-95F7-29BE0CA078C7}"
EndProject
Global
	GlobalSection(SolutionConfigurationPlatforms) = preSolution
		Debug|Any CPU = Debug|Any CPU
		Release|Any CPU = Release|Any CPU
	EndGlobalSection
	GlobalSection(ProjectConfigurationPlatforms) = postSolution
		{06431C3E-CF51-402D-95F7-29BE0CA078C7}.Debug|Any CPU.ActiveCfg = Debug|Any CPU
		{06431C3E-CF51-402D-95F7-29BE0CA078C7}.Debug|Any CPU.Build.0 = Debug|Any CPU
		{06431C3E-CF51-402D-95F7-29BE0CA078C7}.Release|Any CPU.ActiveCfg = Release|Any CPU
		{06431C3E-CF51-402D-95F7-29BE0CA078C7}.Release|Any CPU.Build.0 = Release|Any CPU
	EndGlobalSection
	GlobalSection(SolutionProperties) = preSolution
		HideSolutionNode = FALSE
	EndGlobalSection
	GlobalSection(ExtensibilityGlobals) = postSolution
		SolutionGuid = {94E749B5-93EE-41BF-9F21-34F48ECCEB8E}
	EndGlobalSection
EndGlobal
